
Microsoft Visual Studio Solution File, Format Version 12.00
# Visual Studio Version 17
VisualStudioVersion = 17.2.32630.192
MinimumVisualStudioVersion = 10.0.40219.1
Project("{FAE04EC0-301F-11D3-BF4B-00C04F79EFBC}") = "ValueAndReferenceTypeDemo", "ValueAndReferenceTypeDemo\ValueAndReferenceTypeDemo.csproj", "{F875C3BE-CC96-4AA1-A651-3A5CD7A11804}"
EndProject
Project("{2150E333-8FDC-42A3-9474-1A3956D46DE8}") = "01 - Basics", "01 - Basics", "{4C425119-AA0E-4B4D-BEC0-47F58C90B111}"
EndProject
Project("{9A19103F-16F7-4668-BE54-9A1E7A4F7556}") = "BasicTopicsDemo", "BasicTopicsDemo\BasicTopicsDemo.csproj", "{B022DE29-EA98-43EF-A7AF-AF47DEF6CF06}"
EndProject
Project("{9A19103F-16F7-4668-BE54-9A1E7A4F7556}") = "ControlStatementDemo", "ControlStatementDemo\ControlStatementDemo.csproj", "{0A6B6742-0E3C-4A07-8DD2-8C2333552851}"
EndProject
Project("{9A19103F-16F7-4668-BE54-9A1E7A4F7556}") = "ArrayDemo", "ArrayDemo\ArrayDemo.csproj", "{E0E1CD06-49EC-4E34-9A81-1DE4501A72AB}"
EndProject
Project("{9A19103F-16F7-4668-BE54-9A1E7A4F7556}") = "CollectionsDemo", "CollectionsDemo\CollectionsDemo.csproj", "{A4BE07C1-D5B2-47CA-AB80-33A8FA631361}"
EndProject
Project("{2150E333-8FDC-42A3-9474-1A3956D46DE8}") = "02 - Class Members", "02 - Class Members", "{B354E687-46A3-44C6-BC96-7EB3EA9F4808}"
EndProject
Project("{9A19103F-16F7-4668-BE54-9A1E7A4F7556}") = "MethodsDemo", "MethodsDemo\MethodsDemo.csproj", "{343EF0BD-F485-45C5-8092-7E15AB4CCED3}"
EndProject
Project("{9A19103F-16F7-4668-BE54-9A1E7A4F7556}") = "PropertyDemo", "PropertyDemo\PropertyDemo.csproj", "{70281043-9335-4ECD-9C76-A0DB1AF31057}"
EndProject
Project("{9A19103F-16F7-4668-BE54-9A1E7A4F7556}") = "IndexerDemo", "IndexerDemo\IndexerDemo.csproj", "{3DA3B399-FDE2-4953-BC4C-B96287B983A8}"
EndProject
Project("{9A19103F-16F7-4668-BE54-9A1E7A4F7556}") = "CtorDemo", "CtorDemo\CtorDemo.csproj", "{FFCD7902-7DAF-49E1-BE3B-67E3C93F4272}"
EndProject
Project("{FAE04EC0-301F-11D3-BF4B-00C04F79EFBC}") = "DeCtorDemo", "DeCtorDemo\DeCtorDemo.csproj", "{FFF5C25C-3FBD-4D60-9310-39DCCD9DF68F}"
EndProject
Project("{9A19103F-16F7-4668-BE54-9A1E7A4F7556}") = "StaticMembersDemo", "StaticMembersDemo\StaticMembersDemo.csproj", "{4C693229-7AE8-43EE-B823-368123EBB487}"
EndProject
Project("{2150E333-8FDC-42A3-9474-1A3956D46DE8}") = "03 - OOP", "03 - OOP", "{364EF94A-1D3B-407D-A592-FBE647FE4ABB}"
EndProject
Project("{FAE04EC0-301F-11D3-BF4B-00C04F79EFBC}") = "InheritanceDemo", "InheritanceDemo\InheritanceDemo.csproj", "{4E6F5127-1138-4541-BFB3-F6C2FDA1DF22}"
EndProject
Project("{FAE04EC0-301F-11D3-BF4B-00C04F79EFBC}") = "InheritancePolyDemo", "InheritancePolyDemo\InheritancePolyDemo.csproj", "{DB24C634-9F7E-4988-B4E3-C9AF1DB86C0C}"
EndProject
Project("{FAE04EC0-301F-11D3-BF4B-00C04F79EFBC}") = "ConsoleAppPolyDemo", "ConsoleAppPolyDemo\ConsoleAppPolyDemo.csproj", "{AC557466-087B-4DA3-A3E0-627351A6C0B9}"
EndProject
Project("{FAE04EC0-301F-11D3-BF4B-00C04F79EFBC}") = "InheritanceDemo2", "InheritanceDemo2\InheritanceDemo2.csproj", "{1EE3B28D-881E-4019-AE72-E689A43C0430}"
EndProject
Project("{FAE04EC0-301F-11D3-BF4B-00C04F79EFBC}") = "ConstansDemo", "ConstansDemo\ConstansDemo.csproj", "{38265BF6-F851-4729-A945-35D2B9040E54}"
EndProject
Project("{FAE04EC0-301F-11D3-BF4B-00C04F79EFBC}") = "AccessModifiersDemo", "AccessModifiersDemo\AccessModifiersDemo.csproj", "{6C267545-F082-4F2F-A0BA-C793E4E5FF77}"
EndProject
Project("{FAE04EC0-301F-11D3-BF4B-00C04F79EFBC}") = "InterfaceDemo", "InterfaceDemo\InterfaceDemo.csproj", "{ACFA0194-E412-422F-951C-308C77DA0321}"
EndProject
Project("{FAE04EC0-301F-11D3-BF4B-00C04F79EFBC}") = "AbstractClassDemo", "AbstractClassDemo\AbstractClassDemo.csproj", "{ECA34DD4-C067-4CA5-8183-8DFAEC1058CB}"
EndProject
Project("{FAE04EC0-301F-11D3-BF4B-00C04F79EFBC}") = "InterfaceNewDemo", "InterfaceNewDemo\InterfaceNewDemo.csproj", "{D37DD093-1A65-4D58-9EA1-04A512C0522E}"
EndProject
Project("{2150E333-8FDC-42A3-9474-1A3956D46DE8}") = "04 - Demo", "04 - Demo", "{9212A713-D690-4F55-B30E-2FFF60B03636}"
EndProject
Project("{9A19103F-16F7-4668-BE54-9A1E7A4F7556}") = "HalkBankCore", "HalkBankCore\HalkBankCore.csproj", "{A2BED664-C2B4-4BBE-8E23-A3046F59DDFD}"
EndProject
Project("{9A19103F-16F7-4668-BE54-9A1E7A4F7556}") = "HalkBankListDemo", "HalkBankListDemo\HalkBankListDemo.csproj", "{03DB71C8-6410-41EF-95AC-83FB2B95892C}"
EndProject
Project("{2150E333-8FDC-42A3-9474-1A3956D46DE8}") = "05 - Advanced CSharp", "05 - Advanced CSharp", "{FBAE2F83-1D6C-4EA5-9D12-15E069FFF6AB}"
EndProject
Project("{FAE04EC0-301F-11D3-BF4B-00C04F79EFBC}") = "DelegateDemo", "DelegateDemo\DelegateDemo.csproj", "{6EA62B38-01DB-4477-9A0A-33996F87979C}"
EndProject
Project("{FAE04EC0-301F-11D3-BF4B-00C04F79EFBC}") = "DelegateDemo2", "DelegateDemo2\DelegateDemo2.csproj", "{73911FB7-2AEC-4D2B-8BD9-E5597F4188D1}"
EndProject
Global
	GlobalSection(SolutionConfigurationPlatforms) = preSolution
		Debug|Any CPU = Debug|Any CPU
		Release|Any CPU = Release|Any CPU
	EndGlobalSection
	GlobalSection(ProjectConfigurationPlatforms) = postSolution
		{F875C3BE-CC96-4AA1-A651-3A5CD7A11804}.Debug|Any CPU.ActiveCfg = Debug|Any CPU
		{F875C3BE-CC96-4AA1-A651-3A5CD7A11804}.Debug|Any CPU.Build.0 = Debug|Any CPU
		{F875C3BE-CC96-4AA1-A651-3A5CD7A11804}.Release|Any CPU.ActiveCfg = Release|Any CPU
		{F875C3BE-CC96-4AA1-A651-3A5CD7A11804}.Release|Any CPU.Build.0 = Release|Any CPU
		{B022DE29-EA98-43EF-A7AF-AF47DEF6CF06}.Debug|Any CPU.ActiveCfg = Debug|Any CPU
		{B022DE29-EA98-43EF-A7AF-AF47DEF6CF06}.Debug|Any CPU.Build.0 = Debug|Any CPU
		{B022DE29-EA98-43EF-A7AF-AF47DEF6CF06}.Release|Any CPU.ActiveCfg = Release|Any CPU
		{B022DE29-EA98-43EF-A7AF-AF47DEF6CF06}.Release|Any CPU.Build.0 = Release|Any CPU
		{0A6B6742-0E3C-4A07-8DD2-8C2333552851}.Debug|Any CPU.ActiveCfg = Debug|Any CPU
		{0A6B6742-0E3C-4A07-8DD2-8C2333552851}.Debug|Any CPU.Build.0 = Debug|Any CPU
		{0A6B6742-0E3C-4A07-8DD2-8C2333552851}.Release|Any CPU.ActiveCfg = Release|Any CPU
		{0A6B6742-0E3C-4A07-8DD2-8C2333552851}.Release|Any CPU.Build.0 = Release|Any CPU
		{E0E1CD06-49EC-4E34-9A81-1DE4501A72AB}.Debug|Any CPU.ActiveCfg = Debug|Any CPU
		{E0E1CD06-49EC-4E34-9A81-1DE4501A72AB}.Debug|Any CPU.Build.0 = Debug|Any CPU
		{E0E1CD06-49EC-4E34-9A81-1DE4501A72AB}.Release|Any CPU.ActiveCfg = Release|Any CPU
		{E0E1CD06-49EC-4E34-9A81-1DE4501A72AB}.Release|Any CPU.Build.0 = Release|Any CPU
		{A4BE07C1-D5B2-47CA-AB80-33A8FA631361}.Debug|Any CPU.ActiveCfg = Debug|Any CPU
		{A4BE07C1-D5B2-47CA-AB80-33A8FA631361}.Debug|Any CPU.Build.0 = Debug|Any CPU
		{A4BE07C1-D5B2-47CA-AB80-33A8FA631361}.Release|Any CPU.ActiveCfg = Release|Any CPU
		{A4BE07C1-D5B2-47CA-AB80-33A8FA631361}.Release|Any CPU.Build.0 = Release|Any CPU
		{343EF0BD-F485-45C5-8092-7E15AB4CCED3}.Debug|Any CPU.ActiveCfg = Debug|Any CPU
		{343EF0BD-F485-45C5-8092-7E15AB4CCED3}.Debug|Any CPU.Build.0 = Debug|Any CPU
		{343EF0BD-F485-45C5-8092-7E15AB4CCED3}.Release|Any CPU.ActiveCfg = Release|Any CPU
		{343EF0BD-F485-45C5-8092-7E15AB4CCED3}.Release|Any CPU.Build.0 = Release|Any CPU
		{70281043-9335-4ECD-9C76-A0DB1AF31057}.Debug|Any CPU.ActiveCfg = Debug|Any CPU
		{70281043-9335-4ECD-9C76-A0DB1AF31057}.Debug|Any CPU.Build.0 = Debug|Any CPU
		{70281043-9335-4ECD-9C76-A0DB1AF31057}.Release|Any CPU.ActiveCfg = Release|Any CPU
		{70281043-9335-4ECD-9C76-A0DB1AF31057}.Release|Any CPU.Build.0 = Release|Any CPU
		{3DA3B399-FDE2-4953-BC4C-B96287B983A8}.Debug|Any CPU.ActiveCfg = Debug|Any CPU
		{3DA3B399-FDE2-4953-BC4C-B96287B983A8}.Debug|Any CPU.Build.0 = Debug|Any CPU
		{3DA3B399-FDE2-4953-BC4C-B96287B983A8}.Release|Any CPU.ActiveCfg = Release|Any CPU
		{3DA3B399-FDE2-4953-BC4C-B96287B983A8}.Release|Any CPU.Build.0 = Release|Any CPU
		{FFCD7902-7DAF-49E1-BE3B-67E3C93F4272}.Debug|Any CPU.ActiveCfg = Debug|Any CPU
		{FFCD7902-7DAF-49E1-BE3B-67E3C93F4272}.Debug|Any CPU.Build.0 = Debug|Any CPU
		{FFCD7902-7DAF-49E1-BE3B-67E3C93F4272}.Release|Any CPU.ActiveCfg = Release|Any CPU
		{FFCD7902-7DAF-49E1-BE3B-67E3C93F4272}.Release|Any CPU.Build.0 = Release|Any CPU
		{FFF5C25C-3FBD-4D60-9310-39DCCD9DF68F}.Debug|Any CPU.ActiveCfg = Debug|Any CPU
		{FFF5C25C-3FBD-4D60-9310-39DCCD9DF68F}.Debug|Any CPU.Build.0 = Debug|Any CPU
		{FFF5C25C-3FBD-4D60-9310-39DCCD9DF68F}.Release|Any CPU.ActiveCfg = Release|Any CPU
		{FFF5C25C-3FBD-4D60-9310-39DCCD9DF68F}.Release|Any CPU.Build.0 = Release|Any CPU
		{4C693229-7AE8-43EE-B823-368123EBB487}.Debug|Any CPU.ActiveCfg = Debug|Any CPU
		{4C693229-7AE8-43EE-B823-368123EBB487}.Debug|Any CPU.Build.0 = Debug|Any CPU
		{4C693229-7AE8-43EE-B823-368123EBB487}.Release|Any CPU.ActiveCfg = Release|Any CPU
		{4C693229-7AE8-43EE-B823-368123EBB487}.Release|Any CPU.Build.0 = Release|Any CPU
		{4E6F5127-1138-4541-BFB3-F6C2FDA1DF22}.Debug|Any CPU.ActiveCfg = Debug|Any CPU
		{4E6F5127-1138-4541-BFB3-F6C2FDA1DF22}.Debug|Any CPU.Build.0 = Debug|Any CPU
		{4E6F5127-1138-4541-BFB3-F6C2FDA1DF22}.Release|Any CPU.ActiveCfg = Release|Any CPU
		{4E6F5127-1138-4541-BFB3-F6C2FDA1DF22}.Release|Any CPU.Build.0 = Release|Any CPU
		{DB24C634-9F7E-4988-B4E3-C9AF1DB86C0C}.Debug|Any CPU.ActiveCfg = Debug|Any CPU
		{DB24C634-9F7E-4988-B4E3-C9AF1DB86C0C}.Debug|Any CPU.Build.0 = Debug|Any CPU
		{DB24C634-9F7E-4988-B4E3-C9AF1DB86C0C}.Release|Any CPU.ActiveCfg = Release|Any CPU
		{DB24C634-9F7E-4988-B4E3-C9AF1DB86C0C}.Release|Any CPU.Build.0 = Release|Any CPU
		{AC557466-087B-4DA3-A3E0-627351A6C0B9}.Debug|Any CPU.ActiveCfg = Debug|Any CPU
		{AC557466-087B-4DA3-A3E0-627351A6C0B9}.Debug|Any CPU.Build.0 = Debug|Any CPU
		{AC557466-087B-4DA3-A3E0-627351A6C0B9}.Release|Any CPU.ActiveCfg = Release|Any CPU
		{AC557466-087B-4DA3-A3E0-627351A6C0B9}.Release|Any CPU.Build.0 = Release|Any CPU
		{1EE3B28D-881E-4019-AE72-E689A43C0430}.Debug|Any CPU.ActiveCfg = Debug|Any CPU
		{1EE3B28D-881E-4019-AE72-E689A43C0430}.Debug|Any CPU.Build.0 = Debug|Any CPU
		{1EE3B28D-881E-4019-AE72-E689A43C0430}.Release|Any CPU.ActiveCfg = Release|Any CPU
		{1EE3B28D-881E-4019-AE72-E689A43C0430}.Release|Any CPU.Build.0 = Release|Any CPU
		{38265BF6-F851-4729-A945-35D2B9040E54}.Debug|Any CPU.ActiveCfg = Debug|Any CPU
		{38265BF6-F851-4729-A945-35D2B9040E54}.Debug|Any CPU.Build.0 = Debug|Any CPU
		{38265BF6-F851-4729-A945-35D2B9040E54}.Release|Any CPU.ActiveCfg = Release|Any CPU
		{38265BF6-F851-4729-A945-35D2B9040E54}.Release|Any CPU.Build.0 = Release|Any CPU
		{6C267545-F082-4F2F-A0BA-C793E4E5FF77}.Debug|Any CPU.ActiveCfg = Debug|Any CPU
		{6C267545-F082-4F2F-A0BA-C793E4E5FF77}.Debug|Any CPU.Build.0 = Debug|Any CPU
		{6C267545-F082-4F2F-A0BA-C793E4E5FF77}.Release|Any CPU.ActiveCfg = Release|Any CPU
		{6C267545-F082-4F2F-A0BA-C793E4E5FF77}.Release|Any CPU.Build.0 = Release|Any CPU
		{ACFA0194-E412-422F-951C-308C77DA0321}.Debug|Any CPU.ActiveCfg = Debug|Any CPU
		{ACFA0194-E412-422F-951C-308C77DA0321}.Debug|Any CPU.Build.0 = Debug|Any CPU
		{ACFA0194-E412-422F-951C-308C77DA0321}.Release|Any CPU.ActiveCfg = Release|Any CPU
		{ACFA0194-E412-422F-951C-308C77DA0321}.Release|Any CPU.Build.0 = Release|Any CPU
		{ECA34DD4-C067-4CA5-8183-8DFAEC1058CB}.Debug|Any CPU.ActiveCfg = Debug|Any CPU
		{ECA34DD4-C067-4CA5-8183-8DFAEC1058CB}.Debug|Any CPU.Build.0 = Debug|Any CPU
		{ECA34DD4-C067-4CA5-8183-8DFAEC1058CB}.Release|Any CPU.ActiveCfg = Release|Any CPU
		{ECA34DD4-C067-4CA5-8183-8DFAEC1058CB}.Release|Any CPU.Build.0 = Release|Any CPU
		{D37DD093-1A65-4D58-9EA1-04A512C0522E}.Debug|Any CPU.ActiveCfg = Debug|Any CPU
		{D37DD093-1A65-4D58-9EA1-04A512C0522E}.Debug|Any CPU.Build.0 = Debug|Any CPU
		{D37DD093-1A65-4D58-9EA1-04A512C0522E}.Release|Any CPU.ActiveCfg = Release|Any CPU
		{D37DD093-1A65-4D58-9EA1-04A512C0522E}.Release|Any CPU.Build.0 = Release|Any CPU
		{A2BED664-C2B4-4BBE-8E23-A3046F59DDFD}.Debug|Any CPU.ActiveCfg = Debug|Any CPU
		{A2BED664-C2B4-4BBE-8E23-A3046F59DDFD}.Debug|Any CPU.Build.0 = Debug|Any CPU
		{A2BED664-C2B4-4BBE-8E23-A3046F59DDFD}.Release|Any CPU.ActiveCfg = Release|Any CPU
		{A2BED664-C2B4-4BBE-8E23-A3046F59DDFD}.Release|Any CPU.Build.0 = Release|Any CPU
		{03DB71C8-6410-41EF-95AC-83FB2B95892C}.Debug|Any CPU.ActiveCfg = Debug|Any CPU
		{03DB71C8-6410-41EF-95AC-83FB2B95892C}.Debug|Any CPU.Build.0 = Debug|Any CPU
		{03DB71C8-6410-41EF-95AC-83FB2B95892C}.Release|Any CPU.ActiveCfg = Release|Any CPU
		{03DB71C8-6410-41EF-95AC-83FB2B95892C}.Release|Any CPU.Build.0 = Release|Any CPU
		{6EA62B38-01DB-4477-9A0A-33996F87979C}.Debug|Any CPU.ActiveCfg = Debug|Any CPU
		{6EA62B38-01DB-4477-9A0A-33996F87979C}.Debug|Any CPU.Build.0 = Debug|Any CPU
		{6EA62B38-01DB-4477-9A0A-33996F87979C}.Release|Any CPU.ActiveCfg = Release|Any CPU
		{6EA62B38-01DB-4477-9A0A-33996F87979C}.Release|Any CPU.Build.0 = Release|Any CPU
		{73911FB7-2AEC-4D2B-8BD9-E5597F4188D1}.Debug|Any CPU.ActiveCfg = Debug|Any CPU
		{73911FB7-2AEC-4D2B-8BD9-E5597F4188D1}.Debug|Any CPU.Build.0 = Debug|Any CPU
		{73911FB7-2AEC-4D2B-8BD9-E5597F4188D1}.Release|Any CPU.ActiveCfg = Release|Any CPU
		{73911FB7-2AEC-4D2B-8BD9-E5597F4188D1}.Release|Any CPU.Build.0 = Release|Any CPU
	EndGlobalSection
	GlobalSection(SolutionProperties) = preSolution
		HideSolutionNode = FALSE
	EndGlobalSection
	GlobalSection(NestedProjects) = preSolution
		{F875C3BE-CC96-4AA1-A651-3A5CD7A11804} = {4C425119-AA0E-4B4D-BEC0-47F58C90B111}
		{B022DE29-EA98-43EF-A7AF-AF47DEF6CF06} = {4C425119-AA0E-4B4D-BEC0-47F58C90B111}
		{0A6B6742-0E3C-4A07-8DD2-8C2333552851} = {4C425119-AA0E-4B4D-BEC0-47F58C90B111}
		{E0E1CD06-49EC-4E34-9A81-1DE4501A72AB} = {4C425119-AA0E-4B4D-BEC0-47F58C90B111}
		{A4BE07C1-D5B2-47CA-AB80-33A8FA631361} = {4C425119-AA0E-4B4D-BEC0-47F58C90B111}
		{343EF0BD-F485-45C5-8092-7E15AB4CCED3} = {B354E687-46A3-44C6-BC96-7EB3EA9F4808}
		{70281043-9335-4ECD-9C76-A0DB1AF31057} = {B354E687-46A3-44C6-BC96-7EB3EA9F4808}
		{3DA3B399-FDE2-4953-BC4C-B96287B983A8} = {B354E687-46A3-44C6-BC96-7EB3EA9F4808}
		{FFCD7902-7DAF-49E1-BE3B-67E3C93F4272} = {B354E687-46A3-44C6-BC96-7EB3EA9F4808}
		{FFF5C25C-3FBD-4D60-9310-39DCCD9DF68F} = {B354E687-46A3-44C6-BC96-7EB3EA9F4808}
		{4C693229-7AE8-43EE-B823-368123EBB487} = {B354E687-46A3-44C6-BC96-7EB3EA9F4808}
		{4E6F5127-1138-4541-BFB3-F6C2FDA1DF22} = {364EF94A-1D3B-407D-A592-FBE647FE4ABB}
		{DB24C634-9F7E-4988-B4E3-C9AF1DB86C0C} = {364EF94A-1D3B-407D-A592-FBE647FE4ABB}
		{AC557466-087B-4DA3-A3E0-627351A6C0B9} = {364EF94A-1D3B-407D-A592-FBE647FE4ABB}
		{1EE3B28D-881E-4019-AE72-E689A43C0430} = {364EF94A-1D3B-407D-A592-FBE647FE4ABB}
		{38265BF6-F851-4729-A945-35D2B9040E54} = {364EF94A-1D3B-407D-A592-FBE647FE4ABB}
		{6C267545-F082-4F2F-A0BA-C793E4E5FF77} = {364EF94A-1D3B-407D-A592-FBE647FE4ABB}
		{ACFA0194-E412-422F-951C-308C77DA0321} = {364EF94A-1D3B-407D-A592-FBE647FE4ABB}
		{ECA34DD4-C067-4CA5-8183-8DFAEC1058CB} = {364EF94A-1D3B-407D-A592-FBE647FE4ABB}
		{D37DD093-1A65-4D58-9EA1-04A512C0522E} = {364EF94A-1D3B-407D-A592-FBE647FE4ABB}
		{A2BED664-C2B4-4BBE-8E23-A3046F59DDFD} = {9212A713-D690-4F55-B30E-2FFF60B03636}
		{03DB71C8-6410-41EF-95AC-83FB2B95892C} = {9212A713-D690-4F55-B30E-2FFF60B03636}
		{6EA62B38-01DB-4477-9A0A-33996F87979C} = {FBAE2F83-1D6C-4EA5-9D12-15E069FFF6AB}
		{73911FB7-2AEC-4D2B-8BD9-E5597F4188D1} = {FBAE2F83-1D6C-4EA5-9D12-15E069FFF6AB}
	EndGlobalSection
	GlobalSection(ExtensibilityGlobals) = postSolution
		SolutionGuid = {785F5A0B-C1DE-426B-A8F2-C46566C329D9}
	EndGlobalSection
EndGlobal
