
Microsoft Visual Studio Solution File, Format Version 12.00
# Visual Studio Version 17
VisualStudioVersion = 17.2.32630.192
MinimumVisualStudioVersion = 10.0.40219.1
Project("{9A19103F-16F7-4668-BE54-9A1E7A4F7556}") = "HalkBankCore", "HalkBankCore\HalkBankCore.csproj", "{51E547A8-8927-46A9-ADCA-CDA8ED97F4AF}"
EndProject
Project("{9A19103F-16F7-4668-BE54-9A1E7A4F7556}") = "HalkBankListDemo", "HalkBankListDemo\HalkBankListDemo.csproj", "{56AB89B3-CFDB-4A46-BCF3-3B9F6A8D822E}"
EndProject
Global
	GlobalSection(SolutionConfigurationPlatforms) = preSolution
		Debug|Any CPU = Debug|Any CPU
		Release|Any CPU = Release|Any CPU
	EndGlobalSection
	GlobalSection(ProjectConfigurationPlatforms) = postSolution
		{51E547A8-8927-46A9-ADCA-CDA8ED97F4AF}.Debug|Any CPU.ActiveCfg = Debug|Any CPU
		{51E547A8-8927-46A9-ADCA-CDA8ED97F4AF}.Debug|Any CPU.Build.0 = Debug|Any CPU
		{51E547A8-8927-46A9-ADCA-CDA8ED97F4AF}.Release|Any CPU.ActiveCfg = Release|Any CPU
		{51E547A8-8927-46A9-ADCA-CDA8ED97F4AF}.Release|Any CPU.Build.0 = Release|Any CPU
		{56AB89B3-CFDB-4A46-BCF3-3B9F6A8D822E}.Debug|Any CPU.ActiveCfg = Debug|Any CPU
		{56AB89B3-CFDB-4A46-BCF3-3B9F6A8D822E}.Debug|Any CPU.Build.0 = Debug|Any CPU
		{56AB89B3-CFDB-4A46-BCF3-3B9F6A8D822E}.Release|Any CPU.ActiveCfg = Release|Any CPU
		{56AB89B3-CFDB-4A46-BCF3-3B9F6A8D822E}.Release|Any CPU.Build.0 = Release|Any CPU
	EndGlobalSection
	GlobalSection(SolutionProperties) = preSolution
		HideSolutionNode = FALSE
	EndGlobalSection
	GlobalSection(ExtensibilityGlobals) = postSolution
		SolutionGuid = {7171C899-A51A-4ECB-81BC-6CA5239F95F1}
	EndGlobalSection
EndGlobal
